{
  "name": "even-head-tilt-control",
  "version": "0.1.0",
  "lockfileVersion": 3,
  "requires": true,
  "packages": {
    "": {
      "name": "even-head-tilt-control",
      "version": "0.1.0",
      "dependencies": {
        "@evenrealities/even_hub_sdk": "0.0.14"
      },
      "devDependencies": {
        "@evenrealities/evenhub-cli": "0.1.14",
        "@evenrealities/evenhub-simulator": "^0.9.3",
        "@penta2himajin/even-deskless": "^0.1.0",
        "typescript": "^5.8.3",
        "vite": "^6.3.5",
        "vitest": "^3.2.4"
      },
      "engines": {
        "node": ">=20"
      }
    },
    "node_modules/@rollup/rollup-linux-riscv64-gnu": {
      "version": "4.63.1",
      "resolved": "https://registry.npmjs.org/@rollup/rollup-linux-riscv64-gnu/-/rollup-linux-riscv64-gnu-4.63.1.tgz",
      "integrity": "sha512-wQO3JesW9PRkwlabQ27y7sPfVOOTLRG73I4F2UYHG5PXun3J9U3y+b7ezVKSYbsvSKGQ1k1cq8Qlun4C9kLt3w==",
      "cpu": [
        "riscv64"
      ],___LOCKFILE_SPLIT_MARKER___