{"name":"even-head-tilt-control","version":"0.1.0","lockfileVersion":3,"requires":true,"packages":{"":{"name":"even-head-tilt-control","version":"0.1.0","dependencies":{"@evenrealities/even_hub_sdk":"0.0.14"},"devDependencies":{"@evenrealities/evenhub-cli":"0.1.14","@evenrealities/evenhub-simulator":"^0.9.3","@penta2himajin/even-deskless":"^0.1.0","typescript":"^5.8.3","vite":"^6.3.5","vitest":"^3.2.4"},"engines":{"node":">=20"}}}}