{"name": "even-head-tilt-control", "version": "0.1.0", "lockfileVersion": 3, "requires": true, "packages": {"": {"name": "even-head-tilt-control", "version": "0.1.0", "dependencies": {"@evenrealities/even_hub_sdk": "0.0.14"}, "devDependencies": {"@evenrealities/evenhub-cli": "0.1.14", "@evenrealities/evenhub-simulator": "^0.9.3", "@penta2himajin/even-deskless": "^0.1.0", "typescript": "^5.8.3", "vite": "^6.3.5", "vitest": "^3.2.4"}, "engines": {"node": ">=20"}}, "node_modules/@esbuild/aix-ppc64": {"version": "0.25.12", "resolved": "https://registry.npmjs.org/@esbuild/aix-ppc64/-/aix-ppc64-0.25.12.tgz", "integrity": "sha512-Hhmwd6CInZ3dwpuGTF8fJG6yoWmsToE+vYgD4nytZVxcu1ulHpUQRAB1UJ8+N1Am3Mz4+xOByoQoSZf4D+CpkA==", "cpu": ["ppc64"], "dev": true, "license": "MIT", "optional": true, "os": ["aix"], "engines": {"node": ">=18"}}}